// !$*UTF8*$!
{
	archiveVersion = 1;
	classes = {
	};
	objectVersion = 46;
	objects = {

/* Begin PBXBuildFile section */
		FD86A9AC1C82073F0024FC7B /* main.m in Sources */ = {isa = PBXBuildFile; fileRef = FD86A9AB1C82073F0024FC7B /* main.m */; };
		FD86A9AF1C82073F0024FC7B /* AppDelegate.m in Sources */ = {isa = PBXBuildFile; fileRef = FD86A9AE1C82073F0024FC7B /* AppDelegate.m */; };
		FD86A9B21C82073F0024FC7B /* ViewController.m in Sources */ = {isa = PBXBuildFile; fileRef = FD86A9B11C82073F0024FC7B /* ViewController.m */; };
		FD86A9B51C82073F0024FC7B /* Main.storyboard in Resources */ = {isa = PBXBuildFile; fileRef = FD86A9B31C82073F0024FC7B /* Main.storyboard */; };
		FD86A9B71C82073F0024FC7B /* Assets.xcassets in Resources */ = {isa = PBXBuildFile; fileRef = FD86A9B61C82073F0024FC7B /* Assets.xcassets */; };
		FD86A9BA1C82073F0024FC7B /* LaunchScreen.storyboard in Resources */ = {isa = PBXBuildFile; fileRef = FD86A9B81C82073F0024FC7B /* LaunchScreen.storyboard */; };
		FD86A9C51C82073F0024FC7B /* Test_API_VKTests.m in Sources */ = {isa = PBXBuildFile; fileRef = FD86A9C41C82073F0024FC7B /* Test_API_VKTests.m */; };
		FD86A9D01C8207400024FC7B /* Test_API_VKUITests.m in Sources */ = {isa = PBXBuildFile; fileRef = FD86A9CF1C8207400024FC7B /* Test_API_VKUITests.m */; };
/* End PBXBuildFile section */

/* Begin PBXContainerItemProxy section */
		FD86A9C11C82073F0024FC7B /* PBXContainerItemProxy */ = {
			isa = PBXContainerItemProxy;
			containerPortal = FD86A99F1C82073F0024FC7B /* Project object */;
			proxyType = 1;
			remoteGlobalIDString = FD86A9A61C82073F0024FC7B;
			remoteInfo = "Test API VK";
		};
		FD86A9CC1C8207400024FC7B /* PBXContainerItemProxy */ = {
			isa = PBXContainerItemProxy;
			containerPortal = FD86A99F1C82073F0024FC7B /* Project object */;
			proxyType = 1;
			remoteGlobalIDString = FD86A9A61C82073F0024FC7B;
			remoteInfo = "Test API VK";
		};
/* End PBXContainerItemProxy section */

/* Begin PBXFileReference section */
		FD86A9A71C82073F0024FC7B /* Test API VK.app */ = {isa = PBXFileReference; explicitFileType = wrapper.application; includeInIndex = 0; path = "Test API VK.app"; sourceTree = BUILT_PRODUCTS_DIR; };
		FD86A9AB1C82073F0024FC7B /* main.m */ = {isa = PBXFileReference; lastKnownFileType = sourcecode.c.objc; path = main.m; sourceTree = "<group>"; };
		FD86A9AD1C82073F0024FC7B /* AppDelegate.h */ = {isa = PBXFileReference; lastKnownFileType = sourcecode.c.h; path = AppDelegate.h; sourceTree = "<group>"; };
		FD86A9AE1C82073F0024FC7B /* AppDelegate.m */ = {isa = PBXFileReference; lastKnownFileType = sourcecode.c.objc; path = AppDelegate.m; sourceTree = "<group>"; };
		FD86A9B01C82073F0024FC7B /* ViewController.h */ = {isa = PBXFileReference; lastKnownFileType = sourcecode.c.h; path = ViewController.h; sourceTree = "<group>"; };
		FD86A9B11C82073F0024FC7B /* ViewController.m */ = {isa = PBXFileReference; lastKnownFileType = sourcecode.c.objc; path = ViewController.m; sourceTree = "<group>"; };
		FD86A9B41C82073F0024FC7B /* Base */ = {isa = PBXFileReference; lastKnownFileType = file.storyboard; name = Base; path = Base.lproj/Main.storyboard; sourceTree = "<group>"; };
		FD86A9B61C82073F0024FC7B /* Assets.xcassets */ = {isa = PBXFileReference; lastKnownFileType = folder.assetcatalog; path = Assets.xcassets; sourceTree = "<group>"; };
		FD86A9B91C82073F0024FC7B /* Base */ = {isa = PBXFileReference; lastKnownFileType = file.storyboard; name = Base; path = Base.lproj/LaunchScreen.storyboard; sourceTree = "<group>"; };
		FD86A9BB1C82073F0024FC7B /* Info.plist */ = {isa = PBXFileReference; lastKnownFileType = text.plist.xml; path = Info.plist; sourceTree = "<group>"; };
		FD86A9C01C82073F0024FC7B /* Test API VKTests.xctest */ = {isa = PBXFileReference; explicitFileType = wrapper.cfbundle; includeInIndex = 0; path = "Test API VKTests.xctest"; sourceTree = BUILT_PRODUCTS_DIR; };
		FD86A9C41C82073F0024FC7B /* Test_API_VKTests.m */ = {isa = PBXFileReference; lastKnownFileType = sourcecode.c.objc; path = Test_API_VKTests.m; sourceTree = "<group>"; };
		FD86A9C61C82073F0024FC7B /* Info.plist */ = {isa = PBXFileReference; lastKnownFileType = text.plist.xml; path = Info.plist; sourceTree = "<group>"; };
		FD86A9CB1C8207400024FC7B /* Test API VKUITests.xctest */ = {isa = PBXFileReference; explicitFileType = wrapper.cfbundle; includeInIndex = 0; path = "Test API VKUITests.xctest"; sourceTree = BUILT_PRODUCTS_DIR; };
		FD86A9CF1C8207400024FC7B /* Test_API_VKUITests.m */ = {isa = PBXFileReference; lastKnownFileType = sourcecode.c.objc; path = Test_API_VKUITests.m; sourceTree = "<group>"; };
		FD86A9D11C8207400024FC7B /* Info.plist */ = {isa = PBXFileReference; lastKnownFileType = text.plist.xml; path = Info.plist; sourceTree = "<group>"; };
/* End PBXFileReference section */

/* Begin PBXFrameworksBuildPhase section */
		FD86A9A41C82073F0024FC7B /* Frameworks */ = {
			isa = PBXFrameworksBuildPhase;
			buildActionMask = 2147483647;
			files = (
			);
			runOnlyForDeploymentPostprocessing = 0;
		};
		FD86A9BD1C82073F0024FC7B /* Frameworks */ = {
			isa = PBXFrameworksBuildPhase;
			buildActionMask = 2147483647;
			files = (
			);
			runOnlyForDeploymentPostprocessing = 0;
		};
		FD86A9C81C8207400024FC7B /* Frameworks */ = {
			isa = PBXFrameworksBuildPhase;
			buildActionMask = 2147483647;
			files = (
			);
			runOnlyForDeploymentPostprocessing = 0;
		};
/* End PBXFrameworksBuildPhase section */

/* Begin PBXGroup section */
		FD86A99E1C82073F0024FC7B = {
			isa = PBXGroup;
			children = (
				FD86A9A91C82073F0024FC7B /* Test API VK */,
				FD86A9C31C82073F0024FC7B /* Test API VKTests */,
				FD86A9CE1C8207400024FC7B /* Test API VKUITests */,
				FD86A9A81C82073F0024FC7B /* Products */,
			);
			sourceTree = "<group>";
		};
		FD86A9A81C82073F0024FC7B /* Products */ = {
			isa = PBXGroup;
			children = (
				FD86A9A71C82073F0024FC7B /* Test API VK.app */,
				FD86A9C01C82073F0024FC7B /* Test API VKTests.xctest */,
				FD86A9CB1C8207400024FC7B /* Test API VKUITests.xctest */,
			);
			name = Products;
			sourceTree = "<group>";
		};
		FD86A9A91C82073F0024FC7B /* Test API VK */ = {
			isa = PBXGroup;
			children = (
				FD86A9AD1C82073F0024FC7B /* AppDelegate.h */,
				FD86A9AE1C82073F0024FC7B /* AppDelegate.m */,
				FD86A9B01C82073F0024FC7B /* ViewController.h */,
				FD86A9B11C82073F0024FC7B /* ViewController.m */,
				FD86A9B31C82073F0024FC7B /* Main.storyboard */,
				FD86A9B61C82073F0024FC7B /* Assets.xcassets */,
				FD86A9B81C82073F0024FC7B /* LaunchScreen.storyboard */,
				FD86A9BB1C82073F0024FC7B /* Info.plist */,
				FD86A9AA1C82073F0024FC7B /* Supporting Files */,
			);
			path = "Test API VK";
			sourceTree = "<group>";
		};
		FD86A9AA1C82073F0024FC7B /* Supporting Files */ = {
			isa = PBXGroup;
			children = (
				FD86A9AB1C82073F0024FC7B /* main.m */,
			);
			name = "Supporting Files";
			sourceTree = "<group>";
		};
		FD86A9C31C82073F0024FC7B /* Test API VKTests */ = {
			isa = PBXGroup;
			children = (
				FD86A9C41C82073F0024FC7B /* Test_API_VKTests.m */,
				FD86A9C61C82073F0024FC7B /* Info.plist */,
			);
			path = "Test API VKTests";
			sourceTree = "<group>";
		};
		FD86A9CE1C8207400024FC7B /* Test API VKUITests */ = {
			isa = PBXGroup;
			children = (
				FD86A9CF1C8207400024FC7B /* Test_API_VKUITests.m */,
				FD86A9D11C8207400024FC7B /* Info.plist */,
			);
			path = "Test API VKUITests";
			sourceTree = "<group>";
		};
/* End PBXGroup section */

/* Begin PBXNativeTarget section */
		FD86A9A61C82073F0024FC7B /* Test API VK */ = {
			isa = PBXNativeTarget;
			buildConfigurationList = FD86A9D41C8207400024FC7B /* Build configuration list for PBXNativeTarget "Test API VK" */;
			buildPhases = (
				FD86A9A31C82073F0024FC7B /* Sources */,
				FD86A9A41C82073F0024FC7B /* Frameworks */,
				FD86A9A51C82073F0024FC7B /* Resources */,
			);
			buildRules = (
			);
			dependencies = (
			);
			name = "Test API VK";
			productName = "Test API VK";
			productReference = FD86A9A71C82073F0024FC7B /* Test API VK.app */;
			productType = "com.apple.product-type.application";
		};
		FD86A9BF1C82073F0024FC7B /* Test API VKTests */ = {
			isa = PBXNativeTarget;
			buildConfigurationList = FD86A9D71C8207400024FC7B /* Build configuration list for PBXNativeTarget "Test API VKTests" */;
			buildPhases = (
				FD86A9BC1C82073F0024FC7B /* Sources */,
				FD86A9BD1C82073F0024FC7B /* Frameworks */,
				FD86A9BE1C82073F0024FC7B /* Resources */,
			);
			buildRules = (
			);
			dependencies = (
				FD86A9C21C82073F0024FC7B /* PBXTargetDependency */,
			);
			name = "Test API VKTests";
			productName = "Test API VKTests";
			productReference = FD86A9C01C82073F0024FC7B /* Test API VKTests.xctest */;
			productType = "com.apple.product-type.bundle.unit-test";
		};
		FD86A9CA1C8207400024FC7B /* Test API VKUITests */ = {
			isa = PBXNativeTarget;
			buildConfigurationList = FD86A9DA1C8207400024FC7B /* Build configuration list for PBXNativeTarget "Test API VKUITests" */;
			buildPhases = (
				FD86A9C71C8207400024FC7B /* Sources */,
				FD86A9C81C8207400024FC7B /* Frameworks */,
				FD86A9C91C8207400024FC7B /* Resources */,
			);
			buildRules = (
			);
			dependencies = (
				FD86A9CD1C8207400024FC7B /* PBXTargetDependency */,
			);
			name = "Test API VKUITests";
			productName = "Test API VKUITests";
			productReference = FD86A9CB1C8207400024FC7B /* Test API VKUITests.xctest */;
			productType = "com.apple.product-type.bundle.ui-testing";
		};
/* End PBXNativeTarget section */

/* Begin PBXProject section */
		FD86A99F1C82073F0024FC7B /* Project object */ = {
			isa = PBXProject;
			attributes = {
				LastUpgradeCheck = 0720;
				ORGANIZATIONNAME = "Tsvigun Alexandr";
				TargetAttributes = {
					FD86A9A61C82073F0024FC7B = {
						CreatedOnToolsVersion = 7.2;
						DevelopmentTeam = 5D7GRV784H;
					};
					FD86A9BF1C82073F0024FC7B = {
						CreatedOnToolsVersion = 7.2;
						DevelopmentTeam = 5D7GRV784H;
						TestTargetID = FD86A9A61C82073F0024FC7B;
					};
					FD86A9CA1C8207400024FC7B = {
						CreatedOnToolsVersion = 7.2;
						DevelopmentTeam = 5D7GRV784H;
						TestTargetID = FD86A9A61C82073F0024FC7B;
					};
				};
			};
			buildConfigurationList = FD86A9A21C82073F0024FC7B /* Build configuration list for PBXProject "Test API VK" */;
			compatibilityVersion = "Xcode 3.2";
			developmentRegion = English;
			hasScannedForEncodings = 0;
			knownRegions = (
				en,
				Base,
			);
			mainGroup = FD86A99E1C82073F0024FC7B;
			productRefGroup = FD86A9A81C82073F0024FC7B /* Products */;
			projectDirPath = "";
			projectRoot = "";
			targets = (
				FD86A9A61C82073F0024FC7B /* Test API VK */,
				FD86A9BF1C82073F0024FC7B /* Test API VKTests */,
				FD86A9CA1C8207400024FC7B /* Test API VKUITests */,
			);
		};
/* End PBXProject section */

/* Begin PBXResourcesBuildPhase section */
		FD86A9A51C82073F0024FC7B /* Resources */ = {
			isa = PBXResourcesBuildPhase;
			buildActionMask = 2147483647;
			files = (
				FD86A9BA1C82073F0024FC7B /* LaunchScreen.storyboard in Resources */,
				FD86A9B71C82073F0024FC7B /* Assets.xcassets in Resources */,
				FD86A9B51C82073F0024FC7B /* Main.storyboard in Resources */,
			);
			runOnlyForDeploymentPostprocessing = 0;
		};
		FD86A9BE1C82073F0024FC7B /* Resources */ = {
			isa = PBXResourcesBuildPhase;
			buildActionMask = 2147483647;
			files = (
			);
			runOnlyForDeploymentPostprocessing = 0;
		};
		FD86A9C91C8207400024FC7B /* Resources */ = {
			isa = PBXResourcesBuildPhase;
			buildActionMask = 2147483647;
			files = (
			);
			runOnlyForDeploymentPostprocessing = 0;
		};
/* End PBXResourcesBuildPhase section */

/* Begin PBXSourcesBuildPhase section */
		FD86A9A31C82073F0024FC7B /* Sources */ = {
			isa = PBXSourcesBuildPhase;
			buildActionMask = 2147483647;
			files = (
				FD86A9B21C82073F0024FC7B /* ViewController.m in Sources */,
				FD86A9AF1C82073F0024FC7B /* AppDelegate.m in Sources */,
				FD86A9AC1C82073F0024FC7B /* main.m in Sources */,
			);
			runOnlyForDeploymentPostprocessing = 0;
		};
		FD86A9BC1C82073F0024FC7B /* Sources */ = {
			isa = PBXSourcesBuildPhase;
			buildActionMask = 2147483647;
			files = (
				FD86A9C51C82073F0024FC7B /* Test_API_VKTests.m in Sources */,
			);
			runOnlyForDeploymentPostprocessing = 0;
		};
		FD86A9C71C8207400024FC7B /* Sources */ = {
			isa = PBXSourcesBuildPhase;
			buildActionMask = 2147483647;
			files = (
				FD86A9D01C8207400024FC7B /* Test_API_VKUITests.m in Sources */,
			);
			runOnlyForDeploymentPostprocessing = 0;
		};
/* End PBXSourcesBuildPhase section */

/* Begin PBXTargetDependency section */
		FD86A9C21C82073F0024FC7B /* PBXTargetDependency */ = {
			isa = PBXTargetDependency;
			target = FD86A9A61C82073F0024FC7B /* Test API VK */;
			targetProxy = FD86A9C11C82073F0024FC7B /* PBXContainerItemProxy */;
		};
		FD86A9CD1C8207400024FC7B /* PBXTargetDependency */ = {
			isa = PBXTargetDependency;
			target = FD86A9A61C82073F0024FC7B /* Test API VK */;
			targetProxy = FD86A9CC1C8207400024FC7B /* PBXContainerItemProxy */;
		};
/* End PBXTargetDependency section */

/* Begin PBXVariantGroup section */
		FD86A9B31C82073F0024FC7B /* Main.storyboard */ = {
			isa = PBXVariantGroup;
			children = (
				FD86A9B41C82073F0024FC7B /* Base */,
			);
			name = Main.storyboard;
			sourceTree = "<group>";
		};
		FD86A9B81C82073F0024FC7B /* LaunchScreen.storyboard */ = {
			isa = PBXVariantGroup;
			children = (
				FD86A9B91C82073F0024FC7B /* Base */,
			);
			name = LaunchScreen.storyboard;
			sourceTree = "<group>";
		};
/* End PBXVariantGroup section */

/* Begin XCBuildConfiguration section */
		FD86A9D21C8207400024FC7B /* Debug */ = {
			isa = XCBuildConfiguration;
			buildSettings = {
				ALWAYS_SEARCH_USER_PATHS = NO;
				CLANG_CXX_LANGUAGE_STANDARD = "gnu++0x";
				CLANG_CXX_LIBRARY = "libc++";
				CLANG_ENABLE_MODULES = YES;
				CLANG_ENABLE_OBJC_ARC = YES;
				CLANG_WARN_BOOL_CONVERSION = YES;
				CLANG_WARN_CONSTANT_CONVERSION = YES;
				CLANG_WARN_DIRECT_OBJC_ISA_USAGE = YES_ERROR;
				CLANG_WARN_EMPTY_BODY = YES;
				CLANG_WARN_ENUM_CONVERSION = YES;
				CLANG_WARN_INT_CONVERSION = YES;
				CLANG_WARN_OBJC_ROOT_CLASS = YES_ERROR;
				CLANG_WARN_UNREACHABLE_CODE = YES;
				CLANG_WARN__DUPLICATE_METHOD_MATCH = YES;
				"CODE_SIGN_IDENTITY[sdk=iphoneos*]" = "iPhone Developer";
				COPY_PHASE_STRIP = NO;
				DEBUG_INFORMATION_FORMAT = dwarf;
				ENABLE_STRICT_OBJC_MSGSEND = YES;
				ENABLE_TESTABILITY = YES;
				GCC_C_LANGUAGE_STANDARD = gnu99;
				GCC_DYNAMIC_NO_PIC = NO;
				GCC_NO_COMMON_BLOCKS = YES;
				GCC_OPTIMIZATION_LEVEL = 0;
				GCC_PREPROCESSOR_DEFINITIONS = (
					"DEBUG=1",
					"$(inherited)",
				);
				GCC_WARN_64_TO_32_BIT_CONVERSION = YES;
				GCC_WARN_ABOUT_RETURN_TYPE = YES_ERROR;
				GCC_WARN_UNDECLARED_SELECTOR = YES;
				GCC_WARN_UNINITIALIZED_AUTOS = YES_AGGRESSIVE;
				GCC_WARN_UNUSED_FUNCTION = YES;
				GCC_WARN_UNUSED_VARIABLE = YES;
				IPHONEOS_DEPLOYMENT_TARGET = 9.2;
				MTL_ENABLE_DEBUG_INFO = YES;
				ONLY_ACTIVE_ARCH = YES;
				SDKROOT = iphoneos;
				TARGETED_DEVICE_FAMILY = "1,2";
			};
			name = Debug;
		};
		FD86A9D31C8207400024FC7B /* Release */ = {
			isa = XCBuildConfiguration;
			buildSettings = {
				ALWAYS_SEARCH_USER_PATHS = NO;
				CLANG_CXX_LANGUAGE_STANDARD = "gnu++0x";
				CLANG_CXX_LIBRARY = "libc++";
				CLANG_ENABLE_MODULES = YES;
				CLANG_ENABLE_OBJC_ARC = YES;
				CLANG_WARN_BOOL_CONVERSION = YES;
				CLANG_WARN_CONSTANT_CONVERSION = YES;
				CLANG_WARN_DIRECT_OBJC_ISA_USAGE = YES_ERROR;
				CLANG_WARN_EMPTY_BODY = YES;
				CLANG_WARN_ENUM_CONVERSION = YES;
				CLANG_WARN_INT_CONVERSION = YES;
				CLANG_WARN_OBJC_ROOT_CLASS = YES_ERROR;
				CLANG_WARN_UNREACHABLE_CODE = YES;
				CLANG_WARN__DUPLICATE_METHOD_MATCH = YES;
				"CODE_SIGN_IDENTITY[sdk=iphoneos*]" = "iPhone Developer";
				COPY_PHASE_STRIP = NO;
				DEBUG_INFORMATION_FORMAT = "dwarf-with-dsym";
				ENABLE_NS_ASSERTIONS = NO;
				ENABLE_STRICT_OBJC_MSGSEND = YES;
				GCC_C_LANGUAGE_STANDARD = gnu99;
				GCC_NO_COMMON_BLOCKS = YES;
				GCC_WARN_64_TO_32_BIT_CONVERSION = YES;
				GCC_WARN_ABOUT_RETURN_TYPE = YES_ERROR;
				GCC_WARN_UNDECLARED_SELECTOR = YES;
				GCC_WARN_UNINITIALIZED_AUTOS = YES_AGGRESSIVE;
				GCC_WARN_UNUSED_FUNCTION = YES;
				GCC_WARN_UNUSED_VARIABLE = YES;
				IPHONEOS_DEPLOYMENT_TARGET = 9.2;
				MTL_ENABLE_DEBUG_INFO = NO;
				SDKROOT = iphoneos;
				TARGETED_DEVICE_FAMILY = "1,2";
				VALIDATE_PRODUCT = YES;
			};
			name = Release;
		};
		FD86A9D51C8207400024FC7B /* Debug */ = {
			isa = XCBuildConfiguration;
			buildSettings = {
				ASSETCATALOG_COMPILER_APPICON_NAME = AppIcon;
				INFOPLIST_FILE = "Test API VK/Info.plist";
				LD_RUNPATH_SEARCH_PATHS = "$(inherited) @executable_path/Frameworks";
				PRODUCT_BUNDLE_IDENTIFIER = "com.tsvigunalexandr.Test-API-VK";
				PRODUCT_NAME = "$(TARGET_NAME)";
			};
			name = Debug;
		};
		FD86A9D61C8207400024FC7B /* Release */ = {
			isa = XCBuildConfiguration;
			buildSettings = {
				ASSETCATALOG_COMPILER_APPICON_NAME = AppIcon;
				INFOPLIST_FILE = "Test API VK/Info.plist";
				LD_RUNPATH_SEARCH_PATHS = "$(inherited) @executable_path/Frameworks";
				PRODUCT_BUNDLE_IDENTIFIER = "com.tsvigunalexandr.Test-API-VK";
				PRODUCT_NAME = "$(TARGET_NAME)";
			};
			name = Release;
		};
		FD86A9D81C8207400024FC7B /* Debug */ = {
			isa = XCBuildConfiguration;
			buildSettings = {
				BUNDLE_LOADER = "$(TEST_HOST)";
				INFOPLIST_FILE = "Test API VKTests/Info.plist";
				LD_RUNPATH_SEARCH_PATHS = "$(inherited) @executable_path/Frameworks @loader_path/Frameworks";
				PRODUCT_BUNDLE_IDENTIFIER = "com.tsvigunalexandr.Test-API-VKTests";
				PRODUCT_NAME = "$(TARGET_NAME)";
				TEST_HOST = "$(BUILT_PRODUCTS_DIR)/Test API VK.app/Test API VK";
			};
			name = Debug;
		};
		FD86A9D91C8207400024FC7B /* Release */ = {
			isa = XCBuildConfiguration;
			buildSettings = {
				BUNDLE_LOADER = "$(TEST_HOST)";
				INFOPLIST_FILE = "Test API VKTests/Info.plist";
				LD_RUNPATH_SEARCH_PATHS = "$(inherited) @executable_path/Frameworks @loader_path/Frameworks";
				PRODUCT_BUNDLE_IDENTIFIER = "com.tsvigunalexandr.Test-API-VKTests";
				PRODUCT_NAME = "$(TARGET_NAME)";
				TEST_HOST = "$(BUILT_PRODUCTS_DIR)/Test API VK.app/Test API VK";
			};
			name = Release;
		};
		FD86A9DB1C8207400024FC7B /* Debug */ = {
			isa = XCBuildConfiguration;
			buildSettings = {
				INFOPLIST_FILE = "Test API VKUITests/Info.plist";
				LD_RUNPATH_SEARCH_PATHS = "$(inherited) @executable_path/Frameworks @loader_path/Frameworks";
				PRODUCT_BUNDLE_IDENTIFIER = "com.tsvigunalexandr.Test-API-VKUITests";
				PRODUCT_NAME = "$(TARGET_NAME)";
				TEST_TARGET_NAME = "Test API VK";
				USES_XCTRUNNER = YES;
			};
			name = Debug;
		};
		FD86A9DC1C8207400024FC7B /* Release */ = {
			isa = XCBuildConfiguration;
			buildSettings = {
				INFOPLIST_FILE = "Test API VKUITests/Info.plist";
				LD_RUNPATH_SEARCH_PATHS = "$(inherited) @executable_path/Frameworks @loader_path/Frameworks";
				PRODUCT_BUNDLE_IDENTIFIER = "com.tsvigunalexandr.Test-API-VKUITests";
				PRODUCT_NAME = "$(TARGET_NAME)";
				TEST_TARGET_NAME = "Test API VK";
				USES_XCTRUNNER = YES;
			};
			name = Release;
		};
/* End XCBuildConfiguration section */

/* Begin XCConfigurationList section */
		FD86A9A21C82073F0024FC7B /* Build configuration list for PBXProject "Test API VK" */ = {
			isa = XCConfigurationList;
			buildConfigurations = (
				FD86A9D21C8207400024FC7B /* Debug */,
				FD86A9D31C8207400024FC7B /* Release */,
			);
			defaultConfigurationIsVisible = 0;
			defaultConfigurationName = Release;
		};
		FD86A9D41C8207400024FC7B /* Build configuration list for PBXNativeTarget "Test API VK" */ = {
			isa = XCConfigurationList;
			buildConfigurations = (
				FD86A9D51C8207400024FC7B /* Debug */,
				FD86A9D61C8207400024FC7B /* Release */,
			);
			defaultConfigurationIsVisible = 0;
		};
		FD86A9D71C8207400024FC7B /* Build configuration list for PBXNativeTarget "Test API VKTests" */ = {
			isa = XCConfigurationList;
			buildConfigurations = (
				FD86A9D81C8207400024FC7B /* Debug */,
				FD86A9D91C8207400024FC7B /* Release */,
			);
			defaultConfigurationIsVisible = 0;
		};
		FD86A9DA1C8207400024FC7B /* Build configuration list for PBXNativeTarget "Test API VKUITests" */ = {
			isa = XCConfigurationList;
			buildConfigurations = (
				FD86A9DB1C8207400024FC7B /* Debug */,
				FD86A9DC1C8207400024FC7B /* Release */,
			);
			defaultConfigurationIsVisible = 0;
		};
/* End XCConfigurationList section */
	};
	rootObject = FD86A99F1C82073F0024FC7B /* Project object */;
}
